
Microsoft Visual Studio Solution File, Format Version 12.00
# Visual Studio Version 17
VisualStudioVersion = 17.9.34622.214
MinimumVisualStudioVersion = 10.0.40219.1
Project("{FAE04EC0-301F-11D3-BF4B-00C04F79EFBC}") = "EntraID.ASP.NETCore.Board.MSALSDK", "EntraID.ASP.NETCore.Board.MSALSDK.csproj", "{BE01EFC2-BA86-4AD0-8694-9C4F98D87423}"
EndProject
Global
	GlobalSection(SolutionConfigurationPlatforms) = preSolution
		Debug|Any CPU = Debug|Any CPU
		Release|Any CPU = Release|Any CPU
	EndGlobalSection
	GlobalSection(ProjectConfigurationPlatforms) = postSolution
		{BE01EFC2-BA86-4AD0-8694-9C4F98D87423}.Debug|Any CPU.ActiveCfg = Debug|Any CPU
		{BE01EFC2-BA86-4AD0-8694-9C4F98D87423}.Debug|Any CPU.Build.0 = Debug|Any CPU
		{BE01EFC2-BA86-4AD0-8694-9C4F98D87423}.Release|Any CPU.ActiveCfg = Release|Any CPU
		{BE01EFC2-BA86-4AD0-8694-9C4F98D87423}.Release|Any CPU.Build.0 = Release|Any CPU
	EndGlobalSection
	GlobalSection(SolutionProperties) = preSolution
		HideSolutionNode = FALSE
	EndGlobalSection
	GlobalSection(ExtensibilityGlobals) = postSolution
		SolutionGuid = {E534BDF5-5C6A-4A7D-8FC3-2EE6879D5988}
	EndGlobalSection
EndGlobal
