
Microsoft Visual Studio Solution File, Format Version 12.00
# Visual Studio Version 17
VisualStudioVersion = 17.9.34622.214
MinimumVisualStudioVersion = 10.0.40219.1
Project("{FAE04EC0-301F-11D3-BF4B-00C04F79EFBC}") = "EntraID.ASP.NETCore.Board", "EntraID.ASP.NETCore.Board.csproj", "{2CC24EF0-21E9-4927-A557-B5795C6DF1CE}"
EndProject
Global
	GlobalSection(SolutionConfigurationPlatforms) = preSolution
		Debug|Any CPU = Debug|Any CPU
		Release|Any CPU = Release|Any CPU
	EndGlobalSection
	GlobalSection(ProjectConfigurationPlatforms) = postSolution
		{2CC24EF0-21E9-4927-A557-B5795C6DF1CE}.Debug|Any CPU.ActiveCfg = Debug|Any CPU
		{2CC24EF0-21E9-4927-A557-B5795C6DF1CE}.Debug|Any CPU.Build.0 = Debug|Any CPU
		{2CC24EF0-21E9-4927-A557-B5795C6DF1CE}.Release|Any CPU.ActiveCfg = Release|Any CPU
		{2CC24EF0-21E9-4927-A557-B5795C6DF1CE}.Release|Any CPU.Build.0 = Release|Any CPU
	EndGlobalSection
	GlobalSection(SolutionProperties) = preSolution
		HideSolutionNode = FALSE
	EndGlobalSection
	GlobalSection(ExtensibilityGlobals) = postSolution
		SolutionGuid = {8822C744-358F-48F8-A52B-CB0EDF3BF59C}
	EndGlobalSection
EndGlobal
